Microsoft Visual Studio Solution File, Format Version 12.00
# Visual Studio Version 17
VisualStudioVersion = 17.5.2.0
MinimumVisualStudioVersion = 10.0.40219.1
Project("{FAE04EC0-301F-11D3-BF4B-00C04F79EFBC}") = "WebSteam", "WebSteam.csproj", "{61A5F960-35A0-AADB-EFC4-6FC2704711A3}"
EndProject
Global
	GlobalSection(SolutionConfigurationPlatforms) = preSolution
		Debug|Any CPU = Debug|Any CPU
		Release|Any CPU = Release|Any CPU
	EndGlobalSection
	GlobalSection(ProjectConfigurationPlatforms) = postSolution
		{61A5F960-35A0-AADB-EFC4-6FC2704711A3}.Debug|Any CPU.ActiveCfg = Debug|Any CPU
		{61A5F960-35A0-AADB-EFC4-6FC2704711A3}.Debug|Any CPU.Build.0 = Debug|Any CPU
		{61A5F960-35A0-AADB-EFC4-6FC2704711A3}.Release|Any CPU.ActiveCfg = Release|Any CPU
		{61A5F960-35A0-AADB-EFC4-6FC2704711A3}.Release|Any CPU.Build.0 = Release|Any CPU
	EndGlobalSection
	GlobalSection(SolutionProperties) = preSolution
		HideSolutionNode = FALSE
	EndGlobalSection
	GlobalSection(ExtensibilityGlobals) = postSolution
		SolutionGuid = {44929EF8-D9A4-44DD-9EA7-4F85C9F25D7A}
	EndGlobalSection
EndGlobal
